
Microsoft Visual Studio Solution File, Format Version 12.00
# Visual Studio Version 16
VisualStudioVersion = 16.0.31313.79
MinimumVisualStudioVersion = 10.0.40219.1
Project("{FAE04EC0-301F-11D3-BF4B-00C04F79EFBC}") = "GetBotsWallet", "GetBotsWallet\GetBotsWallet.csproj", "{DA42C43F-6BE1-426A-98FE-C57D4AAD9B9F}"
EndProject
Global
	GlobalSection(SolutionConfigurationPlatforms) = preSolution
		Debug|Any CPU = Debug|Any CPU
		Release|Any CPU = Release|Any CPU
	EndGlobalSection
	GlobalSection(ProjectConfigurationPlatforms) = postSolution
		{DA42C43F-6BE1-426A-98FE-C57D4AAD9B9F}.Debug|Any CPU.ActiveCfg = Debug|Any CPU
		{DA42C43F-6BE1-426A-98FE-C57D4AAD9B9F}.Debug|Any CPU.Build.0 = Debug|Any CPU
		{DA42C43F-6BE1-426A-98FE-C57D4AAD9B9F}.Release|Any CPU.ActiveCfg = Release|Any CPU
		{DA42C43F-6BE1-426A-98FE-C57D4AAD9B9F}.Release|Any CPU.Build.0 = Release|Any CPU
	EndGlobalSection
	GlobalSection(SolutionProperties) = preSolution
		HideSolutionNode = FALSE
	EndGlobalSection
	GlobalSection(ExtensibilityGlobals) = postSolution
		SolutionGuid = {733C42FE-17B2-4EE4-A55D-84E11BCC9225}
	EndGlobalSection
EndGlobal
